
Microsoft Visual Studio Solution File, Format Version 12.00
# Visual Studio Version 17
VisualStudioVersion = 17.5.002.0
MinimumVisualStudioVersion = 10.0.40219.1
Project("{9A19103F-16F7-4668-BE54-9A1E7A4F7556}") = "DesafioFundamentos", "DesafioFundamentos.csproj", "{29ACDA27-F86F-40FA-A92E-0701A3FD3545}"
EndProject
Global
	GlobalSection(SolutionConfigurationPlatforms) = preSolution
		Debug|Any CPU = Debug|Any CPU
		Release|Any CPU = Release|Any CPU
	EndGlobalSection
	GlobalSection(ProjectConfigurationPlatforms) = postSolution
		{29ACDA27-F86F-40FA-A92E-0701A3FD3545}.Debug|Any CPU.ActiveCfg = Debug|Any CPU
		{29ACDA27-F86F-40FA-A92E-0701A3FD3545}.Debug|Any CPU.Build.0 = Debug|Any CPU
		{29ACDA27-F86F-40FA-A92E-0701A3FD3545}.Release|Any CPU.ActiveCfg = Release|Any CPU
		{29ACDA27-F86F-40FA-A92E-0701A3FD3545}.Release|Any CPU.Build.0 = Release|Any CPU
	EndGlobalSection
	GlobalSection(SolutionProperties) = preSolution
		HideSolutionNode = FALSE
	EndGlobalSection
	GlobalSection(ExtensibilityGlobals) = postSolution
		SolutionGuid = {C201EFA2-C669-421F-9382-E740EDA24010}
	EndGlobalSection
EndGlobal
